
Microsoft Visual Studio Solution File, Format Version 12.00
# Visual Studio Version 17
VisualStudioVersion = 17.13.35919.96 d17.13
MinimumVisualStudioVersion = 10.0.40219.1
Project("{FAE04EC0-301F-11D3-BF4B-00C04F79EFBC}") = "C#_assignment4", "C#_assignment4\C#_assignment4.csproj", "{345BC73B-78CE-4BE8-B20D-67B12020E78A}"
EndProject
Global
	GlobalSection(SolutionConfigurationPlatforms) = preSolution
		Debug|Any CPU = Debug|Any CPU
		Release|Any CPU = Release|Any CPU
	EndGlobalSection
	GlobalSection(ProjectConfigurationPlatforms) = postSolution
		{345BC73B-78CE-4BE8-B20D-67B12020E78A}.Debug|Any CPU.ActiveCfg = Debug|Any CPU
		{345BC73B-78CE-4BE8-B20D-67B12020E78A}.Debug|Any CPU.Build.0 = Debug|Any CPU
		{345BC73B-78CE-4BE8-B20D-67B12020E78A}.Release|Any CPU.ActiveCfg = Release|Any CPU
		{345BC73B-78CE-4BE8-B20D-67B12020E78A}.Release|Any CPU.Build.0 = Release|Any CPU
	EndGlobalSection
	GlobalSection(SolutionProperties) = preSolution
		HideSolutionNode = FALSE
	EndGlobalSection
	GlobalSection(ExtensibilityGlobals) = postSolution
		SolutionGuid = {462D5930-C74B-42CD-8632-E96B191534B8}
	EndGlobalSection
EndGlobal
